
Microsoft Visual Studio Solution File, Format Version 12.00
# Visual Studio Version 17
VisualStudioVersion = 17.9.34714.143
MinimumVisualStudioVersion = 10.0.40219.1
Project("{9A19103F-16F7-4668-BE54-9A1E7A4F7556}") = "Sales.Shared", "Sales.Shared\Sales.Shared.csproj", "{4C9B1DDD-BDF9-489C-9C49-6D0B2A21E767}"
EndProject
Project("{9A19103F-16F7-4668-BE54-9A1E7A4F7556}") = "Sales.API", "Sales.API\Sales.API.csproj", "{9B51C5E2-F6BB-4AFF-9F26-4AA49D274EE2}"
EndProject
Project("{9A19103F-16F7-4668-BE54-9A1E7A4F7556}") = "Sales.WEB", "Sales.WEB\Sales.WEB.csproj", "{DA3E3540-BB5E-43DC-8172-120AD764F670}"
EndProject
Project("{9A19103F-16F7-4668-BE54-9A1E7A4F7556}") = "Sales.Mobile", "Sales.Mobile\Sales.Mobile.csproj", "{E214BE72-7EB4-4E13-BFE7-859F535129EE}"
EndProject
Global
	GlobalSection(SolutionConfigurationPlatforms) = preSolution
		Debug|Any CPU = Debug|Any CPU
		Release|Any CPU = Release|Any CPU
	EndGlobalSection
	GlobalSection(ProjectConfigurationPlatforms) = postSolution
		{4C9B1DDD-BDF9-489C-9C49-6D0B2A21E767}.Debug|Any CPU.ActiveCfg = Debug|Any CPU
		{4C9B1DDD-BDF9-489C-9C49-6D0B2A21E767}.Debug|Any CPU.Build.0 = Debug|Any CPU
		{4C9B1DDD-BDF9-489C-9C49-6D0B2A21E767}.Release|Any CPU.ActiveCfg = Release|Any CPU
		{4C9B1DDD-BDF9-489C-9C49-6D0B2A21E767}.Release|Any CPU.Build.0 = Release|Any CPU
		{9B51C5E2-F6BB-4AFF-9F26-4AA49D274EE2}.Debug|Any CPU.ActiveCfg = Debug|Any CPU
		{9B51C5E2-F6BB-4AFF-9F26-4AA49D274EE2}.Debug|Any CPU.Build.0 = Debug|Any CPU
		{9B51C5E2-F6BB-4AFF-9F26-4AA49D274EE2}.Release|Any CPU.ActiveCfg = Release|Any CPU
		{9B51C5E2-F6BB-4AFF-9F26-4AA49D274EE2}.Release|Any CPU.Build.0 = Release|Any CPU
		{DA3E3540-BB5E-43DC-8172-120AD764F670}.Debug|Any CPU.ActiveCfg = Debug|Any CPU
		{DA3E3540-BB5E-43DC-8172-120AD764F670}.Debug|Any CPU.Build.0 = Debug|Any CPU
		{DA3E3540-BB5E-43DC-8172-120AD764F670}.Release|Any CPU.ActiveCfg = Release|Any CPU
		{DA3E3540-BB5E-43DC-8172-120AD764F670}.Release|Any CPU.Build.0 = Release|Any CPU
		{E214BE72-7EB4-4E13-BFE7-859F535129EE}.Debug|Any CPU.ActiveCfg = Debug|Any CPU
		{E214BE72-7EB4-4E13-BFE7-859F535129EE}.Debug|Any CPU.Build.0 = Debug|Any CPU
		{E214BE72-7EB4-4E13-BFE7-859F535129EE}.Debug|Any CPU.Deploy.0 = Debug|Any CPU
		{E214BE72-7EB4-4E13-BFE7-859F535129EE}.Release|Any CPU.ActiveCfg = Release|Any CPU
		{E214BE72-7EB4-4E13-BFE7-859F535129EE}.Release|Any CPU.Build.0 = Release|Any CPU
		{E214BE72-7EB4-4E13-BFE7-859F535129EE}.Release|Any CPU.Deploy.0 = Release|Any CPU
	EndGlobalSection
	GlobalSection(SolutionProperties) = preSolution
		HideSolutionNode = FALSE
	EndGlobalSection
	GlobalSection(ExtensibilityGlobals) = postSolution
		SolutionGuid = {603262B0-B497-40B2-A46B-E2867FB6CD15}
	EndGlobalSection
EndGlobal
